
Microsoft Visual Studio Solution File, Format Version 12.00
# Visual Studio Version 16
VisualStudioVersion = 16.0.28803.202
MinimumVisualStudioVersion = 10.0.40219.1
Project("{9A19103F-16F7-4668-BE54-9A1E7A4F7556}") = "Xtuber.Api", "Xtuber.Api\Xtuber.Api.csproj", "{5B1BDF41-3AC0-4763-8692-9929CCC0A2F6}"
EndProject
Project("{FAE04EC0-301F-11D3-BF4B-00C04F79EFBC}") = "Xtuber.Wpf", "Xtuber.Wpf\Xtuber.Wpf.csproj", "{4075B433-DA04-45E9-94E2-D960BAF300FB}"
EndProject
Project("{FAE04EC0-301F-11D3-BF4B-00C04F79EFBC}") = "Xtuber.Unity", "Xtuber.Unity\Xtuber.Unity.csproj", "{2A2AE59D-717B-96D2-1443-AC2C6D15BBDF}"
EndProject
Global
	GlobalSection(SolutionConfigurationPlatforms) = preSolution
		Debug|Any CPU = Debug|Any CPU
		Release|Any CPU = Release|Any CPU
	EndGlobalSection
	GlobalSection(ProjectConfigurationPlatforms) = postSolution
		{5B1BDF41-3AC0-4763-8692-9929CCC0A2F6}.Debug|Any CPU.ActiveCfg = Debug|Any CPU
		{5B1BDF41-3AC0-4763-8692-9929CCC0A2F6}.Debug|Any CPU.Build.0 = Debug|Any CPU
		{5B1BDF41-3AC0-4763-8692-9929CCC0A2F6}.Release|Any CPU.ActiveCfg = Release|Any CPU
		{5B1BDF41-3AC0-4763-8692-9929CCC0A2F6}.Release|Any CPU.Build.0 = Release|Any CPU
		{4075B433-DA04-45E9-94E2-D960BAF300FB}.Debug|Any CPU.ActiveCfg = Debug|Any CPU
		{4075B433-DA04-45E9-94E2-D960BAF300FB}.Debug|Any CPU.Build.0 = Debug|Any CPU
		{4075B433-DA04-45E9-94E2-D960BAF300FB}.Release|Any CPU.ActiveCfg = Release|Any CPU
		{4075B433-DA04-45E9-94E2-D960BAF300FB}.Release|Any CPU.Build.0 = Release|Any CPU
		{2A2AE59D-717B-96D2-1443-AC2C6D15BBDF}.Debug|Any CPU.ActiveCfg = Debug|Any CPU
		{2A2AE59D-717B-96D2-1443-AC2C6D15BBDF}.Debug|Any CPU.Build.0 = Debug|Any CPU
		{2A2AE59D-717B-96D2-1443-AC2C6D15BBDF}.Release|Any CPU.ActiveCfg = Release|Any CPU
		{2A2AE59D-717B-96D2-1443-AC2C6D15BBDF}.Release|Any CPU.Build.0 = Release|Any CPU
	EndGlobalSection
	GlobalSection(SolutionProperties) = preSolution
		HideSolutionNode = FALSE
	EndGlobalSection
	GlobalSection(ExtensibilityGlobals) = postSolution
		SolutionGuid = {FBC39F76-C8FB-4984-80A6-CBCD870D328E}
	EndGlobalSection
EndGlobal
